
Microsoft Visual Studio Solution File, Format Version 12.00
# Visual Studio Version 17
VisualStudioVersion = 17.11.35312.102
MinimumVisualStudioVersion = 10.0.40219.1
Project("{FAE04EC0-301F-11D3-BF4B-00C04F79EFBC}") = "WpfApp13", "WpfApp13\WpfApp13.csproj", "{C4CC0E8C-1BA8-4C07-876A-FDE1F48D9A53}"
EndProject
Global
	GlobalSection(SolutionConfigurationPlatforms) = preSolution
		Debug|Any CPU = Debug|Any CPU
		Release|Any CPU = Release|Any CPU
	EndGlobalSection
	GlobalSection(ProjectConfigurationPlatforms) = postSolution
		{C4CC0E8C-1BA8-4C07-876A-FDE1F48D9A53}.Debug|Any CPU.ActiveCfg = Debug|Any CPU
		{C4CC0E8C-1BA8-4C07-876A-FDE1F48D9A53}.Debug|Any CPU.Build.0 = Debug|Any CPU
		{C4CC0E8C-1BA8-4C07-876A-FDE1F48D9A53}.Release|Any CPU.ActiveCfg = Release|Any CPU
		{C4CC0E8C-1BA8-4C07-876A-FDE1F48D9A53}.Release|Any CPU.Build.0 = Release|Any CPU
	EndGlobalSection
	GlobalSection(SolutionProperties) = preSolution
		HideSolutionNode = FALSE
	EndGlobalSection
	GlobalSection(ExtensibilityGlobals) = postSolution
		SolutionGuid = {FAFF6842-A3EA-4D5C-9D4F-5C7FDF96DCE9}
	EndGlobalSection
EndGlobal
